
Microsoft Visual Studio Solution File, Format Version 12.00
# Visual Studio 14
VisualStudioVersion = 14.0.25420.1
MinimumVisualStudioVersion = 10.0.40219.1
Project("{FAE04EC0-301F-11D3-BF4B-00C04F79EFBC}") = "SSRSReporting", "MotorSReporting\SSRSReporting.csproj", "{42FDE5E1-53E0-4951-A68B-0C2AE97B85CC}"
EndProject
Project("{FAE04EC0-301F-11D3-BF4B-00C04F79EFBC}") = "SSRSRenderTest", "SSRSRenderTest\SSRSRenderTest.csproj", "{8FCAC52A-F003-41E3-BFB7-357C94839203}"
EndProject
Global
	GlobalSection(SolutionConfigurationPlatforms) = preSolution
		Debug|Any CPU = Debug|Any CPU
		Release|Any CPU = Release|Any CPU
	EndGlobalSection
	GlobalSection(ProjectConfigurationPlatforms) = postSolution
		{42FDE5E1-53E0-4951-A68B-0C2AE97B85CC}.Debug|Any CPU.ActiveCfg = Debug|Any CPU
		{42FDE5E1-53E0-4951-A68B-0C2AE97B85CC}.Debug|Any CPU.Build.0 = Debug|Any CPU
		{42FDE5E1-53E0-4951-A68B-0C2AE97B85CC}.Release|Any CPU.ActiveCfg = Release|Any CPU
		{42FDE5E1-53E0-4951-A68B-0C2AE97B85CC}.Release|Any CPU.Build.0 = Release|Any CPU
		{8FCAC52A-F003-41E3-BFB7-357C94839203}.Debug|Any CPU.ActiveCfg = Debug|Any CPU
		{8FCAC52A-F003-41E3-BFB7-357C94839203}.Debug|Any CPU.Build.0 = Debug|Any CPU
		{8FCAC52A-F003-41E3-BFB7-357C94839203}.Release|Any CPU.ActiveCfg = Release|Any CPU
		{8FCAC52A-F003-41E3-BFB7-357C94839203}.Release|Any CPU.Build.0 = Release|Any CPU
	EndGlobalSection
	GlobalSection(SolutionProperties) = preSolution
		HideSolutionNode = FALSE
	EndGlobalSection
EndGlobal
